
Microsoft Visual Studio Solution File, Format Version 12.00
# Visual Studio 14
VisualStudioVersion = 14.0.25123.0
MinimumVisualStudioVersion = 10.0.40219.1
Project("{FAE04EC0-301F-11D3-BF4B-00C04F79EFBC}") = "ProgParty.BoredPanda.Api", "ProgParty.BoredPanda.Api\ProgParty.BoredPanda.Api.csproj", "{FC8B3CAF-A122-4047-B5AC-99B2173A15F2}"
EndProject
Project("{FAE04EC0-301F-11D3-BF4B-00C04F79EFBC}") = "ProgParty.BoredPanda.Phone", "ProgParty.BoredPanda.Phone\ProgParty.BoredPanda.Phone.csproj", "{C006C8D5-7931-42F3-9ED4-1D1CD88816FF}"
EndProject
Project("{2150E333-8FDC-42A3-9474-1A3956D46DE8}") = "Screenshots", "Screenshots", "{F8931C17-FCDD-4FD1-8492-BBD93AA93700}"
	ProjectSection(SolutionItems) = preProject
		Screenshots\screen_shot_1.png = Screenshots\screen_shot_1.png
		Screenshots\screen_shot_2.png = Screenshots\screen_shot_2.png
	EndProjectSection
EndProject
Project("{FAE04EC0-301F-11D3-BF4B-00C04F79EFBC}") = "ProgParty.BoredPanda.ApiUniversal", "ProgParty.BoredPanda.ApiUniversal\ProgParty.BoredPanda.ApiUniversal.csproj", "{FA4BECCF-5F83-4FD9-92F5-90B8AC3B328D}"
EndProject
Project("{FAE04EC0-301F-11D3-BF4B-00C04F79EFBC}") = "ProgParty.BoredPanda.Universal", "ProgParty.BoredPanda.Universal\ProgParty.BoredPanda.Universal.csproj", "{5360940A-B5EE-4081-B83C-E384632B6703}"
EndProject
Project("{2150E333-8FDC-42A3-9474-1A3956D46DE8}") = "Bin", "Bin", "{5B984B0C-C7B4-4DA8-A888-E2C9F1A4340E}"
	ProjectSection(SolutionItems) = preProject
		Bin\ProgParty.Core.dll = Bin\ProgParty.Core.dll
	EndProjectSection
EndProject
Global
	GlobalSection(SolutionConfigurationPlatforms) = preSolution
		Debug|Any CPU = Debug|Any CPU
		Debug|ARM = Debug|ARM
		Debug|x86 = Debug|x86
		Release|Any CPU = Release|Any CPU
		Release|ARM = Release|ARM
		Release|x86 = Release|x86
	EndGlobalSection
	GlobalSection(ProjectConfigurationPlatforms) = postSolution
		{FC8B3CAF-A122-4047-B5AC-99B2173A15F2}.Debug|Any CPU.ActiveCfg = Debug|Any CPU
		{FC8B3CAF-A122-4047-B5AC-99B2173A15F2}.Debug|Any CPU.Build.0 = Debug|Any CPU
		{FC8B3CAF-A122-4047-B5AC-99B2173A15F2}.Debug|ARM.ActiveCfg = Debug|ARM
		{FC8B3CAF-A122-4047-B5AC-99B2173A15F2}.Debug|ARM.Build.0 = Debug|ARM
		{FC8B3CAF-A122-4047-B5AC-99B2173A15F2}.Debug|x86.ActiveCfg = Debug|x86
		{FC8B3CAF-A122-4047-B5AC-99B2173A15F2}.Debug|x86.Build.0 = Debug|x86
		{FC8B3CAF-A122-4047-B5AC-99B2173A15F2}.Release|Any CPU.ActiveCfg = Release|Any CPU
		{FC8B3CAF-A122-4047-B5AC-99B2173A15F2}.Release|Any CPU.Build.0 = Release|Any CPU
		{FC8B3CAF-A122-4047-B5AC-99B2173A15F2}.Release|ARM.ActiveCfg = Release|ARM
		{FC8B3CAF-A122-4047-B5AC-99B2173A15F2}.Release|ARM.Build.0 = Release|ARM
		{FC8B3CAF-A122-4047-B5AC-99B2173A15F2}.Release|x86.ActiveCfg = Release|x86
		{FC8B3CAF-A122-4047-B5AC-99B2173A15F2}.Release|x86.Build.0 = Release|x86
		{C006C8D5-7931-42F3-9ED4-1D1CD88816FF}.Debug|Any CPU.ActiveCfg = Debug|Any CPU
		{C006C8D5-7931-42F3-9ED4-1D1CD88816FF}.Debug|Any CPU.Build.0 = Debug|Any CPU
		{C006C8D5-7931-42F3-9ED4-1D1CD88816FF}.Debug|Any CPU.Deploy.0 = Debug|Any CPU
		{C006C8D5-7931-42F3-9ED4-1D1CD88816FF}.Debug|ARM.ActiveCfg = Debug|ARM
		{C006C8D5-7931-42F3-9ED4-1D1CD88816FF}.Debug|ARM.Build.0 = Debug|ARM
		{C006C8D5-7931-42F3-9ED4-1D1CD88816FF}.Debug|ARM.Deploy.0 = Debug|ARM
		{C006C8D5-7931-42F3-9ED4-1D1CD88816FF}.Debug|x86.ActiveCfg = Debug|x86
		{C006C8D5-7931-42F3-9ED4-1D1CD88816FF}.Debug|x86.Build.0 = Debug|x86
		{C006C8D5-7931-42F3-9ED4-1D1CD88816FF}.Debug|x86.Deploy.0 = Debug|x86
		{C006C8D5-7931-42F3-9ED4-1D1CD88816FF}.Release|Any CPU.ActiveCfg = Release|Any CPU
		{C006C8D5-7931-42F3-9ED4-1D1CD88816FF}.Release|Any CPU.Build.0 = Release|Any CPU
		{C006C8D5-7931-42F3-9ED4-1D1CD88816FF}.Release|Any CPU.Deploy.0 = Release|Any CPU
		{C006C8D5-7931-42F3-9ED4-1D1CD88816FF}.Release|ARM.ActiveCfg = Release|ARM
		{C006C8D5-7931-42F3-9ED4-1D1CD88816FF}.Release|ARM.Build.0 = Release|ARM
		{C006C8D5-7931-42F3-9ED4-1D1CD88816FF}.Release|ARM.Deploy.0 = Release|ARM
		{C006C8D5-7931-42F3-9ED4-1D1CD88816FF}.Release|x86.ActiveCfg = Release|x86
		{C006C8D5-7931-42F3-9ED4-1D1CD88816FF}.Release|x86.Build.0 = Release|x86
		{C006C8D5-7931-42F3-9ED4-1D1CD88816FF}.Release|x86.Deploy.0 = Release|x86
		{FA4BECCF-5F83-4FD9-92F5-90B8AC3B328D}.Debug|Any CPU.ActiveCfg = Debug|Any CPU
		{FA4BECCF-5F83-4FD9-92F5-90B8AC3B328D}.Debug|Any CPU.Build.0 = Debug|Any CPU
		{FA4BECCF-5F83-4FD9-92F5-90B8AC3B328D}.Debug|ARM.ActiveCfg = Debug|ARM
		{FA4BECCF-5F83-4FD9-92F5-90B8AC3B328D}.Debug|ARM.Build.0 = Debug|ARM
		{FA4BECCF-5F83-4FD9-92F5-90B8AC3B328D}.Debug|x86.ActiveCfg = Debug|x86
		{FA4BECCF-5F83-4FD9-92F5-90B8AC3B328D}.Debug|x86.Build.0 = Debug|x86
		{FA4BECCF-5F83-4FD9-92F5-90B8AC3B328D}.Release|Any CPU.ActiveCfg = Release|Any CPU
		{FA4BECCF-5F83-4FD9-92F5-90B8AC3B328D}.Release|Any CPU.Build.0 = Release|Any CPU
		{FA4BECCF-5F83-4FD9-92F5-90B8AC3B328D}.Release|ARM.ActiveCfg = Release|ARM
		{FA4BECCF-5F83-4FD9-92F5-90B8AC3B328D}.Release|ARM.Build.0 = Release|ARM
		{FA4BECCF-5F83-4FD9-92F5-90B8AC3B328D}.Release|x86.ActiveCfg = Release|x86
		{FA4BECCF-5F83-4FD9-92F5-90B8AC3B328D}.Release|x86.Build.0 = Release|x86
		{5360940A-B5EE-4081-B83C-E384632B6703}.Debug|Any CPU.ActiveCfg = Debug|Any CPU
		{5360940A-B5EE-4081-B83C-E384632B6703}.Debug|Any CPU.Build.0 = Debug|Any CPU
		{5360940A-B5EE-4081-B83C-E384632B6703}.Debug|Any CPU.Deploy.0 = Debug|Any CPU
		{5360940A-B5EE-4081-B83C-E384632B6703}.Debug|ARM.ActiveCfg = Debug|ARM
		{5360940A-B5EE-4081-B83C-E384632B6703}.Debug|ARM.Build.0 = Debug|ARM
		{5360940A-B5EE-4081-B83C-E384632B6703}.Debug|ARM.Deploy.0 = Debug|ARM
		{5360940A-B5EE-4081-B83C-E384632B6703}.Debug|x86.ActiveCfg = Debug|x86
		{5360940A-B5EE-4081-B83C-E384632B6703}.Debug|x86.Build.0 = Debug|x86
		{5360940A-B5EE-4081-B83C-E384632B6703}.Debug|x86.Deploy.0 = Debug|x86
		{5360940A-B5EE-4081-B83C-E384632B6703}.Release|Any CPU.ActiveCfg = Release|Any CPU
		{5360940A-B5EE-4081-B83C-E384632B6703}.Release|Any CPU.Build.0 = Release|Any CPU
		{5360940A-B5EE-4081-B83C-E384632B6703}.Release|Any CPU.Deploy.0 = Release|Any CPU
		{5360940A-B5EE-4081-B83C-E384632B6703}.Release|ARM.ActiveCfg = Release|ARM
		{5360940A-B5EE-4081-B83C-E384632B6703}.Release|ARM.Build.0 = Release|ARM
		{5360940A-B5EE-4081-B83C-E384632B6703}.Release|ARM.Deploy.0 = Release|ARM
		{5360940A-B5EE-4081-B83C-E384632B6703}.Release|x86.ActiveCfg = Release|x86
		{5360940A-B5EE-4081-B83C-E384632B6703}.Release|x86.Build.0 = Release|x86
		{5360940A-B5EE-4081-B83C-E384632B6703}.Release|x86.Deploy.0 = Release|x86
	EndGlobalSection
	GlobalSection(SolutionProperties) = preSolution
		HideSolutionNode = FALSE
	EndGlobalSection
EndGlobal
